// !$*UTF8*$!
{
	archiveVersion = 1;
	classes = {
	};
	objectVersion = 52;
	objects = {

/* Begin PBXBuildFile section */
		349D4DE02558591F001DD052 /* BrowserCommunication.swift in Sources */ = {isa = PBXBuildFile; fileRef = 349D4DDF2558591F001DD052 /* BrowserCommunication.swift */; };
		349D4DE425585ADD001DD052 /* TouchBarHandler.swift in Sources */ = {isa = PBXBuildFile; fileRef = 349D4DE325585ADD001DD052 /* TouchBarHandler.swift */; };
		349D4DEB25586AEC001DD052 /* touchbar-browser-helper in CopyFiles */ = {isa = PBXBuildFile; fileRef = 34B8E8C6255752A000F0AD2A /* touchbar-browser-helper */; };
		349D4DF22558744A001DD052 /* MessageHandler.swift in Sources */ = {isa = PBXBuildFile; fileRef = 349D4DF12558744A001DD052 /* MessageHandler.swift */; };
		349D4DF6255876C8001DD052 /* SwiftyJSON in Frameworks */ = {isa = PBXBuildFile; productRef = 349D4DF5255876C8001DD052 /* SwiftyJSON */; };
		349D4DFB25587AB3001DD052 /* TouchBarComponent.swift in Sources */ = {isa = PBXBuildFile; fileRef = 349D4DFA25587AB3001DD052 /* TouchBarComponent.swift */; };
		34A485A3255C960500761A2B /* NSColor+webhex.swift in Sources */ = {isa = PBXBuildFile; fileRef = 34A485A2255C960500761A2B /* NSColor+webhex.swift */; };
		34B8E8CA255752A000F0AD2A /* main.swift in Sources */ = {isa = PBXBuildFile; fileRef = 34B8E8C9255752A000F0AD2A /* main.swift */; };
		34B8E8D2255752C700F0AD2A /* AppDelegate.swift in Sources */ = {isa = PBXBuildFile; fileRef = 34B8E8D1255752C700F0AD2A /* AppDelegate.swift */; };
		34B8E8DD2557534600F0AD2A /* DFRFoundation.framework in Frameworks */ = {isa = PBXBuildFile; fileRef = 34B8E8DC2557534600F0AD2A /* DFRFoundation.framework */; };
/* End PBXBuildFile section */

/* Begin PBXCopyFilesBuildPhase section */
		34B8E8C4255752A000F0AD2A /* CopyFiles */ = {
			isa = PBXCopyFilesBuildPhase;
			buildActionMask = 12;
			dstPath = "$HOME/Library/Application Support/touchbar-browser-helper";
			dstSubfolderSpec = 0;
			files = (
				349D4DEB25586AEC001DD052 /* touchbar-browser-helper in CopyFiles */,
			);
			runOnlyForDeploymentPostprocessing = 0;
		};
/* End PBXCopyFilesBuildPhase section */

/* Begin PBXFileReference section */
		349D4DDF2558591F001DD052 /* BrowserCommunication.swift */ = {isa = PBXFileReference; lastKnownFileType = sourcecode.swift; path = BrowserCommunication.swift; sourceTree = "<group>"; };
		349D4DE325585ADD001DD052 /* TouchBarHandler.swift */ = {isa = PBXFileReference; lastKnownFileType = sourcecode.swift; path = TouchBarHandler.swift; sourceTree = "<group>"; };
		349D4DF12558744A001DD052 /* MessageHandler.swift */ = {isa = PBXFileReference; lastKnownFileType = sourcecode.swift; path = MessageHandler.swift; sourceTree = "<group>"; };
		349D4DFA25587AB3001DD052 /* TouchBarComponent.swift */ = {isa = PBXFileReference; lastKnownFileType = sourcecode.swift; path = TouchBarComponent.swift; sourceTree = "<group>"; };
		34A485A2255C960500761A2B /* NSColor+webhex.swift */ = {isa = PBXFileReference; lastKnownFileType = sourcecode.swift; path = "NSColor+webhex.swift"; sourceTree = "<group>"; };
		34B8E8C6255752A000F0AD2A /* touchbar-browser-helper */ = {isa = PBXFileReference; explicitFileType = "compiled.mach-o.executable"; includeInIndex = 0; path = "touchbar-browser-helper"; sourceTree = BUILT_PRODUCTS_DIR; };
		34B8E8C9255752A000F0AD2A /* main.swift */ = {isa = PBXFileReference; lastKnownFileType = sourcecode.swift; path = main.swift; sourceTree = "<group>"; };
		34B8E8D1255752C700F0AD2A /* AppDelegate.swift */ = {isa = PBXFileReference; lastKnownFileType = sourcecode.swift; path = AppDelegate.swift; sourceTree = "<group>"; };
		34B8E8D52557531500F0AD2A /* touchbar-browser-helper-Bridging-Header.h */ = {isa = PBXFileReference; lastKnownFileType = sourcecode.c.h; path = "touchbar-browser-helper-Bridging-Header.h"; sourceTree = "<group>"; };
		34B8E8DA2557532C00F0AD2A /* TouchBar.h */ = {isa = PBXFileReference; lastKnownFileType = sourcecode.c.h; path = TouchBar.h; sourceTree = "<group>"; };
		34B8E8DC2557534600F0AD2A /* DFRFoundation.framework */ = {isa = PBXFileReference; lastKnownFileType = wrapper.framework; name = DFRFoundation.framework; path = ../../../../../System/Library/PrivateFrameworks/DFRFoundation.framework; sourceTree = "<group>"; };
/* End PBXFileReference section */

/* Begin PBXFrameworksBuildPhase section */
		34B8E8C3255752A000F0AD2A /* Frameworks */ = {
			isa = PBXFrameworksBuildPhase;
			buildActionMask = 2147483647;
			files = (
				349D4DF6255876C8001DD052 /* SwiftyJSON in Frameworks */,
				34B8E8DD2557534600F0AD2A /* DFRFoundation.framework in Frameworks */,
			);
			runOnlyForDeploymentPostprocessing = 0;
		};
/* End PBXFrameworksBuildPhase section */

/* Begin PBXGroup section */
		349D4DF925587AA1001DD052 /* Models */ = {
			isa = PBXGroup;
			children = (
				349D4DFA25587AB3001DD052 /* TouchBarComponent.swift */,
			);
			path = Models;
			sourceTree = "<group>";
		};
		34A485A1255C95ED00761A2B /* Utils */ = {
			isa = PBXGroup;
			children = (
				34A485A2255C960500761A2B /* NSColor+webhex.swift */,
			);
			path = Utils;
			sourceTree = "<group>";
		};
		34B8E8BD255752A000F0AD2A = {
			isa = PBXGroup;
			children = (
				34B8E8C8255752A000F0AD2A /* touchbar-browser-helper */,
				34B8E8C7255752A000F0AD2A /* Products */,
				34B8E8DB2557534600F0AD2A /* Frameworks */,
			);
			sourceTree = "<group>";
		};
		34B8E8C7255752A000F0AD2A /* Products */ = {
			isa = PBXGroup;
			children = (
				34B8E8C6255752A000F0AD2A /* touchbar-browser-helper */,
			);
			name = Products;
			sourceTree = "<group>";
		};
		34B8E8C8255752A000F0AD2A /* touchbar-browser-helper */ = {
			isa = PBXGroup;
			children = (
				34A485A1255C95ED00761A2B /* Utils */,
				349D4DF925587AA1001DD052 /* Models */,
				34B8E8D4255752FF00F0AD2A /* TouchBar */,
				34B8E8C9255752A000F0AD2A /* main.swift */,
				34B8E8D1255752C700F0AD2A /* AppDelegate.swift */,
				349D4DDF2558591F001DD052 /* BrowserCommunication.swift */,
				349D4DE325585ADD001DD052 /* TouchBarHandler.swift */,
				349D4DF12558744A001DD052 /* MessageHandler.swift */,
			);
			path = "touchbar-browser-helper";
			sourceTree = "<group>";
		};
		34B8E8D4255752FF00F0AD2A /* TouchBar */ = {
			isa = PBXGroup;
			children = (
				34B8E8D52557531500F0AD2A /* touchbar-browser-helper-Bridging-Header.h */,
				34B8E8DA2557532C00F0AD2A /* TouchBar.h */,
			);
			path = TouchBar;
			sourceTree = "<group>";
		};
		34B8E8DB2557534600F0AD2A /* Frameworks */ = {
			isa = PBXGroup;
			children = (
				34B8E8DC2557534600F0AD2A /* DFRFoundation.framework */,
			);
			name = Frameworks;
			sourceTree = "<group>";
		};
/* End PBXGroup section */

/* Begin PBXNativeTarget section */
		34B8E8C5255752A000F0AD2A /* touchbar-browser-helper */ = {
			isa = PBXNativeTarget;
			buildConfigurationList = 34B8E8CD255752A000F0AD2A /* Build configuration list for PBXNativeTarget "touchbar-browser-helper" */;
			buildPhases = (
				34B8E8C2255752A000F0AD2A /* Sources */,
				34B8E8C3255752A000F0AD2A /* Frameworks */,
				34B8E8C4255752A000F0AD2A /* CopyFiles */,
			);
			buildRules = (
			);
			dependencies = (
			);
			name = "touchbar-browser-helper";
			packageProductDependencies = (
				349D4DF5255876C8001DD052 /* SwiftyJSON */,
			);
			productName = "touchbar-browser-helper";
			productReference = 34B8E8C6255752A000F0AD2A /* touchbar-browser-helper */;
			productType = "com.apple.product-type.tool";
		};
/* End PBXNativeTarget section */

/* Begin PBXProject section */
		34B8E8BE255752A000F0AD2A /* Project object */ = {
			isa = PBXProject;
			attributes = {
				LastSwiftUpdateCheck = 1210;
				LastUpgradeCheck = 1210;
				TargetAttributes = {
					34B8E8C5255752A000F0AD2A = {
						CreatedOnToolsVersion = 12.1;
						LastSwiftMigration = 1210;
					};
				};
			};
			buildConfigurationList = 34B8E8C1255752A000F0AD2A /* Build configuration list for PBXProject "touchbar-browser-helper" */;
			compatibilityVersion = "Xcode 9.3";
			developmentRegion = en;
			hasScannedForEncodings = 0;
			knownRegions = (
				en,
				Base,
			);
			mainGroup = 34B8E8BD255752A000F0AD2A;
			packageReferences = (
				349D4DF4255876C8001DD052 /* XCRemoteSwiftPackageReference "SwiftyJSON" */,
			);
			productRefGroup = 34B8E8C7255752A000F0AD2A /* Products */;
			projectDirPath = "";
			projectRoot = "";
			targets = (
				34B8E8C5255752A000F0AD2A /* touchbar-browser-helper */,
			);
		};
/* End PBXProject section */

/* Begin PBXSourcesBuildPhase section */
		34B8E8C2255752A000F0AD2A /* Sources */ = {
			isa = PBXSourcesBuildPhase;
			buildActionMask = 2147483647;
			files = (
				34B8E8D2255752C700F0AD2A /* AppDelegate.swift in Sources */,
				34B8E8CA255752A000F0AD2A /* main.swift in Sources */,
				349D4DE425585ADD001DD052 /* TouchBarHandler.swift in Sources */,
				349D4DF22558744A001DD052 /* MessageHandler.swift in Sources */,
				349D4DE02558591F001DD052 /* BrowserCommunication.swift in Sources */,
				349D4DFB25587AB3001DD052 /* TouchBarComponent.swift in Sources */,
				34A485A3255C960500761A2B /* NSColor+webhex.swift in Sources */,
			);
			runOnlyForDeploymentPostprocessing = 0;
		};
/* End PBXSourcesBuildPhase section */

/* Begin XCBuildConfiguration section */
		34B8E8CB255752A000F0AD2A /* Debug */ = {
			isa = XCBuildConfiguration;
			buildSettings = {
				ALWAYS_SEARCH_USER_PATHS = NO;
				CLANG_ANALYZER_NONNULL = YES;
				CLANG_ANALYZER_NUMBER_OBJECT_CONVERSION = YES_AGGRESSIVE;
				CLANG_CXX_LANGUAGE_STANDARD = "gnu++14";
				CLANG_CXX_LIBRARY = "libc++";
				CLANG_ENABLE_MODULES = YES;
				CLANG_ENABLE_OBJC_ARC = YES;
				CLANG_ENABLE_OBJC_WEAK = YES;
				CLANG_WARN_BLOCK_CAPTURE_AUTORELEASING = YES;
				CLANG_WARN_BOOL_CONVERSION = YES;
				CLANG_WARN_COMMA = YES;
				CLANG_WARN_CONSTANT_CONVERSION = YES;
				CLANG_WARN_DEPRECATED_OBJC_IMPLEMENTATIONS = YES;
				CLANG_WARN_DIRECT_OBJC_ISA_USAGE = YES_ERROR;
				CLANG_WARN_DOCUMENTATION_COMMENTS = YES;
				CLANG_WARN_EMPTY_BODY = YES;
				CLANG_WARN_ENUM_CONVERSION = YES;
				CLANG_WARN_INFINITE_RECURSION = YES;
				CLANG_WARN_INT_CONVERSION = YES;
				CLANG_WARN_NON_LITERAL_NULL_CONVERSION = YES;
				CLANG_WARN_OBJC_IMPLICIT_RETAIN_SELF = YES;
				CLANG_WARN_OBJC_LITERAL_CONVERSION = YES;
				CLANG_WARN_OBJC_ROOT_CLASS = YES_ERROR;
				CLANG_WARN_QUOTED_INCLUDE_IN_FRAMEWORK_HEADER = YES;
				CLANG_WARN_RANGE_LOOP_ANALYSIS = YES;
				CLANG_WARN_STRICT_PROTOTYPES = YES;
				CLANG_WARN_SUSPICIOUS_MOVE = YES;
				CLANG_WARN_UNGUARDED_AVAILABILITY = YES_AGGRESSIVE;
				CLANG_WARN_UNREACHABLE_CODE = YES;
				CLANG_WARN__DUPLICATE_METHOD_MATCH = YES;
				COPY_PHASE_STRIP = NO;
				DEBUG_INFORMATION_FORMAT = dwarf;
				ENABLE_STRICT_OBJC_MSGSEND = YES;
				ENABLE_TESTABILITY = YES;
				GCC_C_LANGUAGE_STANDARD = gnu11;
				GCC_DYNAMIC_NO_PIC = NO;
				GCC_NO_COMMON_BLOCKS = YES;
				GCC_OPTIMIZATION_LEVEL = 0;
				GCC_PREPROCESSOR_DEFINITIONS = (
					"DEBUG=1",
					"$(inherited)",
				);
				GCC_WARN_64_TO_32_BIT_CONVERSION = YES;
				GCC_WARN_ABOUT_RETURN_TYPE = YES_ERROR;
				GCC_WARN_UNDECLARED_SELECTOR = YES;
				GCC_WARN_UNINITIALIZED_AUTOS = YES_AGGRESSIVE;
				GCC_WARN_UNUSED_FUNCTION = YES;
				GCC_WARN_UNUSED_VARIABLE = YES;
				MACOSX_DEPLOYMENT_TARGET = 10.15;
				MTL_ENABLE_DEBUG_INFO = INCLUDE_SOURCE;
				MTL_FAST_MATH = YES;
				ONLY_ACTIVE_ARCH = YES;
				SDKROOT = macosx;
				SWIFT_ACTIVE_COMPILATION_CONDITIONS = DEBUG;
				SWIFT_OPTIMIZATION_LEVEL = "-Onone";
			};
			name = Debug;
		};
		34B8E8CC255752A000F0AD2A /* Release */ = {
			isa = XCBuildConfiguration;
			buildSettings = {
				ALWAYS_SEARCH_USER_PATHS = NO;
				CLANG_ANALYZER_NONNULL = YES;
				CLANG_ANALYZER_NUMBER_OBJECT_CONVERSION = YES_AGGRESSIVE;
				CLANG_CXX_LANGUAGE_STANDARD = "gnu++14";
				CLANG_CXX_LIBRARY = "libc++";
				CLANG_ENABLE_MODULES = YES;
				CLANG_ENABLE_OBJC_ARC = YES;
				CLANG_ENABLE_OBJC_WEAK = YES;
				CLANG_WARN_BLOCK_CAPTURE_AUTORELEASING = YES;
				CLANG_WARN_BOOL_CONVERSION = YES;
				CLANG_WARN_COMMA = YES;
				CLANG_WARN_CONSTANT_CONVERSION = YES;
				CLANG_WARN_DEPRECATED_OBJC_IMPLEMENTATIONS = YES;
				CLANG_WARN_DIRECT_OBJC_ISA_USAGE = YES_ERROR;
				CLANG_WARN_DOCUMENTATION_COMMENTS = YES;
				CLANG_WARN_EMPTY_BODY = YES;
				CLANG_WARN_ENUM_CONVERSION = YES;
				CLANG_WARN_INFINITE_RECURSION = YES;
				CLANG_WARN_INT_CONVERSION = YES;
				CLANG_WARN_NON_LITERAL_NULL_CONVERSION = YES;
				CLANG_WARN_OBJC_IMPLICIT_RETAIN_SELF = YES;
				CLANG_WARN_OBJC_LITERAL_CONVERSION = YES;
				CLANG_WARN_OBJC_ROOT_CLASS = YES_ERROR;
				CLANG_WARN_QUOTED_INCLUDE_IN_FRAMEWORK_HEADER = YES;
				CLANG_WARN_RANGE_LOOP_ANALYSIS = YES;
				CLANG_WARN_STRICT_PROTOTYPES = YES;
				CLANG_WARN_SUSPICIOUS_MOVE = YES;
				CLANG_WARN_UNGUARDED_AVAILABILITY = YES_AGGRESSIVE;
				CLANG_WARN_UNREACHABLE_CODE = YES;
				CLANG_WARN__DUPLICATE_METHOD_MATCH = YES;
				COPY_PHASE_STRIP = NO;
				DEBUG_INFORMATION_FORMAT = "dwarf-with-dsym";
				ENABLE_NS_ASSERTIONS = NO;
				ENABLE_STRICT_OBJC_MSGSEND = YES;
				GCC_C_LANGUAGE_STANDARD = gnu11;
				GCC_NO_COMMON_BLOCKS = YES;
				GCC_WARN_64_TO_32_BIT_CONVERSION = YES;
				GCC_WARN_ABOUT_RETURN_TYPE = YES_ERROR;
				GCC_WARN_UNDECLARED_SELECTOR = YES;
				GCC_WARN_UNINITIALIZED_AUTOS = YES_AGGRESSIVE;
				GCC_WARN_UNUSED_FUNCTION = YES;
				GCC_WARN_UNUSED_VARIABLE = YES;
				MACOSX_DEPLOYMENT_TARGET = 10.15;
				MTL_ENABLE_DEBUG_INFO = NO;
				MTL_FAST_MATH = YES;
				SDKROOT = macosx;
				SWIFT_COMPILATION_MODE = wholemodule;
				SWIFT_OPTIMIZATION_LEVEL = "-O";
			};
			name = Release;
		};
		34B8E8CE255752A000F0AD2A /* Debug */ = {
			isa = XCBuildConfiguration;
			buildSettings = {
				CLANG_ENABLE_MODULES = YES;
				CODE_SIGN_STYLE = Automatic;
				LD_RUNPATH_SEARCH_PATHS = (
					"$(inherited)",
					"@executable_path/../Frameworks",
					"@loader_path/../Frameworks",
				);
				PRODUCT_NAME = "$(TARGET_NAME)";
				SWIFT_OBJC_BRIDGING_HEADER = "touchbar-browser-helper/TouchBar/touchbar-browser-helper-Bridging-Header.h";
				SWIFT_OPTIMIZATION_LEVEL = "-Onone";
				SWIFT_VERSION = 5.0;
				SYSTEM_FRAMEWORK_SEARCH_PATHS = (
					"$(inherited)",
					"$(SYSTEM_LIBRARY_DIR)/PrivateFrameworks",
				);
			};
			name = Debug;
		};
		34B8E8CF255752A000F0AD2A /* Release */ = {
			isa = XCBuildConfiguration;
			buildSettings = {
				CLANG_ENABLE_MODULES = YES;
				CODE_SIGN_STYLE = Automatic;
				LD_RUNPATH_SEARCH_PATHS = (
					"$(inherited)",
					"@executable_path/../Frameworks",
					"@loader_path/../Frameworks",
				);
				PRODUCT_NAME = "$(TARGET_NAME)";
				SWIFT_OBJC_BRIDGING_HEADER = "touchbar-browser-helper/TouchBar/touchbar-browser-helper-Bridging-Header.h";
				SWIFT_VERSION = 5.0;
				SYSTEM_FRAMEWORK_SEARCH_PATHS = (
					"$(inherited)",
					"$(SYSTEM_LIBRARY_DIR)/PrivateFrameworks",
				);
			};
			name = Release;
		};
/* End XCBuildConfiguration section */

/* Begin XCConfigurationList section */
		34B8E8C1255752A000F0AD2A /* Build configuration list for PBXProject "touchbar-browser-helper" */ = {
			isa = XCConfigurationList;
			buildConfigurations = (
				34B8E8CB255752A000F0AD2A /* Debug */,
				34B8E8CC255752A000F0AD2A /* Release */,
			);
			defaultConfigurationIsVisible = 0;
			defaultConfigurationName = Release;
		};
		34B8E8CD255752A000F0AD2A /* Build configuration list for PBXNativeTarget "touchbar-browser-helper" */ = {
			isa = XCConfigurationList;
			buildConfigurations = (
				34B8E8CE255752A000F0AD2A /* Debug */,
				34B8E8CF255752A000F0AD2A /* Release */,
			);
			defaultConfigurationIsVisible = 0;
			defaultConfigurationName = Release;
		};
/* End XCConfigurationList section */

/* Begin XCRemoteSwiftPackageReference section */
		349D4DF4255876C8001DD052 /* XCRemoteSwiftPackageReference "SwiftyJSON" */ = {
			isa = XCRemoteSwiftPackageReference;
			repositoryURL = "https://github.com/SwiftyJSON/SwiftyJSON";
			requirement = {
				kind = upToNextMajorVersion;
				minimumVersion = 5.0.0;
			};
		};
/* End XCRemoteSwiftPackageReference section */

/* Begin XCSwiftPackageProductDependency section */
		349D4DF5255876C8001DD052 /* SwiftyJSON */ = {
			isa = XCSwiftPackageProductDependency;
			package = 349D4DF4255876C8001DD052 /* XCRemoteSwiftPackageReference "SwiftyJSON" */;
			productName = SwiftyJSON;
		};
/* End XCSwiftPackageProductDependency section */
	};
	rootObject = 34B8E8BE255752A000F0AD2A /* Project object */;
}
